<?xml version="1.0" encoding="UTF-8" standalone="yes" ?>
<CodeBlocks_project_file>
	<FileVersion major="1" minor="6" />
	<Project>
		<Option title="RobertoMenegais" />
		<Option pch_mode="2" />
		<Option compiler="cygwin" />
		<Build>
			<Target title="DebugWin32">
				<Option output="bin/Debug/DEMO_WIn32" prefix_auto="1" extension_auto="1" />
				<Option object_output="obj/Debug/" />
				<Option type="1" />
				<Option compiler="gcc" />
				<Compiler>
					<Add option="-g" />
					<Add directory="include" />
				</Compiler>
				<Linker>
					<Add library="lib/Windows/libMPC_debug.a" />
					<Add library="lib/libglut32.a" />
					<Add library="lib/libglu32.a" />
					<Add library="lib/libopengl32.a" />
				</Linker>
			</Target>
			<Target title="ReleaseWin32">
				<Option output="bin/Release/DEMO_WIn32" prefix_auto="1" extension_auto="1" />
				<Option object_output="obj/Release/" />
				<Option type="1" />
				<Option compiler="gcc" />
				<Compiler>
					<Add option="-O3" />
					<Add option="-O2" />
					<Add directory="include" />
				</Compiler>
				<Linker>
					<Add library="lib/Windows/libMPC_release.a" />
					<Add library="lib/libglut32.a" />
					<Add library="lib/libglu32.a" />
					<Add library="lib/libopengl32.a" />
				</Linker>
			</Target>
			<Target title="DebugLinux">
				<Option platforms="Unix;Mac;" />
				<Option output="bin/Debug/DEMO_Linux" prefix_auto="1" extension_auto="1" />
				<Option object_output="obj/Debug/" />
				<Option type="1" />
				<Option compiler="gcc" />
				<Compiler>
					<Add option="-g" />
					<Add directory="include" />
				</Compiler>
				<Linker>
					<Add option="-lGL -lGLU -lglut" />
					<Add library="lib/Linux/libMPC_debug.a" />
				</Linker>
			</Target>
			<Target title="ReleaseLinux">
				<Option platforms="Unix;Mac;" />
				<Option output="bin/Release/DEMO_Linux" prefix_auto="1" extension_auto="1" />
				<Option object_output="obj/Release/" />
				<Option type="1" />
				<Option compiler="gcc" />
				<Compiler>
					<Add option="-O3" />
					<Add option="-O2" />
					<Add directory="include" />
				</Compiler>
				<Linker>
					<Add option="-lGL -lGLU -lglut" />
					<Add library="lib/Linux/libMPC_release.a" />
				</Linker>
			</Target>
		</Build>
		<Compiler>
			<Add option="-Wall" />
			<Add option="-fexceptions" />
		</Compiler>
		<Unit filename="include/definitions.h" />
		<Unit filename="include/mpc_c.h" />
		<Unit filename="src/basic.cpp" />
		<Unit filename="src/basic.h" />
		<Unit filename="src/bus.cpp" />
		<Unit filename="src/bus.h" />
		<Unit filename="src/helpers.cpp" />
		<Unit filename="src/helpers.h" />
		<Unit filename="src/listBox.cpp" />
		<Unit filename="src/listBox.h" />
		<Unit filename="src/main.cpp" />
		<Unit filename="src/schedule.cpp" />
		<Unit filename="src/schedule.h" />
		<Unit filename="src/seat.cpp" />
		<Unit filename="src/seat.h" />
		<Extensions>
			<code_completion />
			<debugger />
			<envvars />
		</Extensions>
	</Project>
</CodeBlocks_project_file>
